
Microsoft Visual Studio Solution File, Format Version 12.00
# Visual Studio Version 17
VisualStudioVersion = 17.14.35906.104
MinimumVisualStudioVersion = 10.0.40219.1
Project("{FAE04EC0-301F-11D3-BF4B-00C04F79EFBC}") = "BotMockWatcher", "BotMockWatcher\BotMockWatcher.csproj", "{48200A7C-7845-48A0-AA72-E63AA5AA6540}"
EndProject
Project("{FAE04EC0-301F-11D3-BF4B-00C04F79EFBC}") = "InfoCollector", "InfoCollector\InfoCollector.csproj", "{64618DEB-BC4B-41CD-A976-B1D62E56577F}"
EndProject
Global
	GlobalSection(SolutionConfigurationPlatforms) = preSolution
		Debug|Any CPU = Debug|Any CPU
		Release|Any CPU = Release|Any CPU
	EndGlobalSection
	GlobalSection(ProjectConfigurationPlatforms) = postSolution
		{48200A7C-7845-48A0-AA72-E63AA5AA6540}.Debug|Any CPU.ActiveCfg = Debug|Any CPU
		{48200A7C-7845-48A0-AA72-E63AA5AA6540}.Debug|Any CPU.Build.0 = Debug|Any CPU
		{48200A7C-7845-48A0-AA72-E63AA5AA6540}.Release|Any CPU.ActiveCfg = Release|Any CPU
		{48200A7C-7845-48A0-AA72-E63AA5AA6540}.Release|Any CPU.Build.0 = Release|Any CPU
		{64618DEB-BC4B-41CD-A976-B1D62E56577F}.Debug|Any CPU.ActiveCfg = Debug|Any CPU
		{64618DEB-BC4B-41CD-A976-B1D62E56577F}.Debug|Any CPU.Build.0 = Debug|Any CPU
		{64618DEB-BC4B-41CD-A976-B1D62E56577F}.Release|Any CPU.ActiveCfg = Release|Any CPU
		{64618DEB-BC4B-41CD-A976-B1D62E56577F}.Release|Any CPU.Build.0 = Release|Any CPU
	EndGlobalSection
	GlobalSection(SolutionProperties) = preSolution
		HideSolutionNode = FALSE
	EndGlobalSection
	GlobalSection(ExtensibilityGlobals) = postSolution
		SolutionGuid = {6A4A48B3-E4D6-4C6A-A37A-4F8145B878B3}
	EndGlobalSection
EndGlobal
